github.com/GoCraft-MC/gocraft-abi v0.4.1-0.20260909091520-46f15c995cb4 h1:C2rwNJUaGhJqw/Z0R5a0i5JM4pxo0UasyvFS7Bf/dH8=
github.com/GoCraft-MC/gocraft-abi v0.4.1-0.20260909091520-46f15c995cb4/go.mod h1:PxAFmtTamYvRFzYO7g5jf1/8Vs9JwAJvT8vnYHP0exI=
github.com/GoCraft-MC/gocraft-api-go v0.3.1-0.20260909092105-c01a15fc60a3 h1:eV1/6Gnd8HnlBKA80qYywaRvpTeL9W+4zv3U+EpfUMU=
github.com/GoCraft-MC/gocraft-api-go v0.3.1-0.20260909092105-c01a15fc60a3/go.mod h1:bA0x4oMFOUee1EFCEwBadY0KMIZHfN3pqwHQg0adpHw=
github.com/google/go-cmp v0.7.0 h1:wk8382ETsv4JYUZwIsn6YpYiWiBsYLSJiTsyBybVuN8=
github.com/google/go-cmp v0.7.0/go.mod h1:pXiqmnSA92OHEEa9HXL2W4E7lf9JzCmGVUdgjX3N/iU=
google.golang.org/protobuf v1.36.11 h1:fV6ZwhNocDyBLK0dj+fg8ektcVegBBuEolpbTQyBNVE=
google.golang.org/protobuf v1.36.11/go.mod h1:HTf+CrKn2C3g5S8VImy6tdcUvCska2kB7j23XfzDpco=
