github.com/GoCraft-MC/gocraft-abi v0.4.0 h1:5cgYWdpK5eAOK2Fc8HooY05D3haJxyfZAcAbpL9EgoI=
github.com/GoCraft-MC/gocraft-abi v0.4.0/go.mod h1:PxAFmtTamYvRFzYO7g5jf1/8Vs9JwAJvT8vnYHP0exI=
github.com/GoCraft-MC/gocraft-api-go v0.3.0 h1:7X5Cq9rMMxwqlxTiITA5cpTqXCJLQeSb6AOX/zOCtcI=
github.com/GoCraft-MC/gocraft-api-go v0.3.0/go.mod h1:Bz5VtS6X4T7/xk8lF/qmGNtO5Tree5t1VIepUrgKVUs=
github.com/google/go-cmp v0.7.0 h1:wk8382ETsv4JYUZwIsn6YpYiWiBsYLSJiTsyBybVuN8=
github.com/google/go-cmp v0.7.0/go.mod h1:pXiqmnSA92OHEEa9HXL2W4E7lf9JzCmGVUdgjX3N/iU=
google.golang.org/protobuf v1.36.11 h1:fV6ZwhNocDyBLK0dj+fg8ektcVegBBuEolpbTQyBNVE=
google.golang.org/protobuf v1.36.11/go.mod h1:HTf+CrKn2C3g5S8VImy6tdcUvCska2kB7j23XfzDpco=
